// !$*UTF8*$!
{
	archiveVersion = 1;
	classes = {
	};
	objectVersion = 46;
	objects = {

/* Begin PBXBuildFile section */
		00662CAE1F7433BE0027FDBB /* AppDelegate.swift in Sources */ = {isa = PBXBuildFile; fileRef = 00662CAD1F7433BE0027FDBB /* AppDelegate.swift */; };
		00662CB01F7433BE0027FDBB /* ViewController.swift in Sources */ = {isa = PBXBuildFile; fileRef = 00662CAF1F7433BE0027FDBB /* ViewController.swift */; };
		00662CB31F7433BE0027FDBB /* Main.storyboard in Resources */ = {isa = PBXBuildFile; fileRef = 00662CB11F7433BE0027FDBB /* Main.storyboard */; };
		00662CB51F7433BE0027FDBB /* Assets.xcassets in Resources */ = {isa = PBXBuildFile; fileRef = 00662CB41F7433BE0027FDBB /* Assets.xcassets */; };
		00662CB81F7433BE0027FDBB /* LaunchScreen.storyboard in Resources */ = {isa = PBXBuildFile; fileRef = 00662CB61F7433BE0027FDBB /* LaunchScreen.storyboard */; };
		00662CC31F7433BE0027FDBB /* FoodTrackerTests.swift in Sources */ = {isa = PBXBuildFile; fileRef = 00662CC21F7433BE0027FDBB /* FoodTrackerTests.swift */; };
		6012C6041F75F59E0064296A /* RatingControl.swift in Sources */ = {isa = PBXBuildFile; fileRef = 6012C6031F75F59E0064296A /* RatingControl.swift */; };
		6012C6061F76A9E20064296A /* Meal.swift in Sources */ = {isa = PBXBuildFile; fileRef = 6012C6051F76A9E20064296A /* Meal.swift */; };
/* End PBXBuildFile section */

/* Begin PBXContainerItemProxy section */
		00662CBF1F7433BE0027FDBB /* PBXContainerItemProxy */ = {
			isa = PBXContainerItemProxy;
			containerPortal = 00662CA21F7433BE0027FDBB /* Project object */;
			proxyType = 1;
			remoteGlobalIDString = 00662CA91F7433BE0027FDBB;
			remoteInfo = FoodTracker;
		};
/* End PBXContainerItemProxy section */

/* Begin PBXFileReference section */
		00662CAA1F7433BE0027FDBB /* FoodTracker.app */ = {isa = PBXFileReference; explicitFileType = wrapper.application; includeInIndex = 0; path = FoodTracker.app; sourceTree = BUILT_PRODUCTS_DIR; };
		00662CAD1F7433BE0027FDBB /* AppDelegate.swift */ = {isa = PBXFileReference; lastKnownFileType = sourcecode.swift; path = AppDelegate.swift; sourceTree = "<group>"; };
		00662CAF1F7433BE0027FDBB /* ViewController.swift */ = {isa = PBXFileReference; lastKnownFileType = sourcecode.swift; path = ViewController.swift; sourceTree = "<group>"; };
		00662CB21F7433BE0027FDBB /* Base */ = {isa = PBXFileReference; lastKnownFileType = file.storyboard; name = Base; path = Base.lproj/Main.storyboard; sourceTree = "<group>"; };
		00662CB41F7433BE0027FDBB /* Assets.xcassets */ = {isa = PBXFileReference; lastKnownFileType = folder.assetcatalog; path = Assets.xcassets; sourceTree = "<group>"; };
		00662CB71F7433BE0027FDBB /* Base */ = {isa = PBXFileReference; lastKnownFileType = file.storyboard; name = Base; path = Base.lproj/LaunchScreen.storyboard; sourceTree = "<group>"; };
		00662CB91F7433BE0027FDBB /* Info.plist */ = {isa = PBXFileReference; lastKnownFileType = text.plist.xml; path = Info.plist; sourceTree = "<group>"; };
		00662CBE1F7433BE0027FDBB /* FoodTrackerTests.xctest */ = {isa = PBXFileReference; explicitFileType = wrapper.cfbundle; includeInIndex = 0; path = FoodTrackerTests.xctest; sourceTree = BUILT_PRODUCTS_DIR; };
		00662CC21F7433BE0027FDBB /* FoodTrackerTests.swift */ = {isa = PBXFileReference; lastKnownFileType = sourcecode.swift; path = FoodTrackerTests.swift; sourceTree = "<group>"; };
		00662CC41F7433BE0027FDBB /* Info.plist */ = {isa = PBXFileReference; lastKnownFileType = text.plist.xml; path = Info.plist; sourceTree = "<group>"; };
		6012C6031F75F59E0064296A /* RatingControl.swift */ = {isa = PBXFileReference; fileEncoding = 4; lastKnownFileType = sourcecode.swift; path = RatingControl.swift; sourceTree = "<group>"; };
		6012C6051F76A9E20064296A /* Meal.swift */ = {isa = PBXFileReference; fileEncoding = 4; lastKnownFileType = sourcecode.swift; path = Meal.swift; sourceTree = "<group>"; };
/* End PBXFileReference section */

/* Begin PBXFrameworksBuildPhase section */
		00662CA71F7433BE0027FDBB /* Frameworks */ = {
			isa = PBXFrameworksBuildPhase;
			buildActionMask = 2147483647;
			files = (
			);
			runOnlyForDeploymentPostprocessing = 0;
		};
		00662CBB1F7433BE0027FDBB /* Frameworks */ = {
			isa = PBXFrameworksBuildPhase;
			buildActionMask = 2147483647;
			files = (
			);
			runOnlyForDeploymentPostprocessing = 0;
		};
/* End PBXFrameworksBuildPhase section */

/* Begin PBXGroup section */
		00662CA11F7433BE0027FDBB = {
			isa = PBXGroup;
			children = (
				00662CAC1F7433BE0027FDBB /* FoodTracker */,
				00662CC11F7433BE0027FDBB /* FoodTrackerTests */,
				00662CAB1F7433BE0027FDBB /* Products */,
			);
			sourceTree = "<group>";
		};
		00662CAB1F7433BE0027FDBB /* Products */ = {
			isa = PBXGroup;
			children = (
				00662CAA1F7433BE0027FDBB /* FoodTracker.app */,
				00662CBE1F7433BE0027FDBB /* FoodTrackerTests.xctest */,
			);
			name = Products;
			sourceTree = "<group>";
		};
		00662CAC1F7433BE0027FDBB /* FoodTracker */ = {
			isa = PBXGroup;
			children = (
				00662CAD1F7433BE0027FDBB /* AppDelegate.swift */,
				00662CAF1F7433BE0027FDBB /* ViewController.swift */,
				6012C6051F76A9E20064296A /* Meal.swift */,
				6012C6031F75F59E0064296A /* RatingControl.swift */,
				00662CB11F7433BE0027FDBB /* Main.storyboard */,
				00662CB41F7433BE0027FDBB /* Assets.xcassets */,
				00662CB61F7433BE0027FDBB /* LaunchScreen.storyboard */,
				00662CB91F7433BE0027FDBB /* Info.plist */,
			);
			path = FoodTracker;
			sourceTree = "<group>";
		};
		00662CC11F7433BE0027FDBB /* FoodTrackerTests */ = {
			isa = PBXGroup;
			children = (
				00662CC21F7433BE0027FDBB /* FoodTrackerTests.swift */,
				00662CC41F7433BE0027FDBB /* Info.plist */,
			);
			path = FoodTrackerTests;
			sourceTree = "<group>";
		};
/* End PBXGroup section */

/* Begin PBXNativeTarget section */
		00662CA91F7433BE0027FDBB /* FoodTracker */ = {
			isa = PBXNativeTarget;
			buildConfigurationList = 00662CC71F7433BE0027FDBB /* Build configuration list for PBXNativeTarget "FoodTracker" */;
			buildPhases = (
				00662CA61F7433BE0027FDBB /* Sources */,
				00662CA71F7433BE0027FDBB /* Frameworks */,
				00662CA81F7433BE0027FDBB /* Resources */,
			);
			buildRules = (
			);
			dependencies = (
			);
			name = FoodTracker;
			productName = FoodTracker;
			productReference = 00662CAA1F7433BE0027FDBB /* FoodTracker.app */;
			productType = "com.apple.product-type.application";
		};
		00662CBD1F7433BE0027FDBB /* FoodTrackerTests */ = {
			isa = PBXNativeTarget;
			buildConfigurationList = 00662CCA1F7433BE0027FDBB /* Build configuration list for PBXNativeTarget "FoodTrackerTests" */;
			buildPhases = (
				00662CBA1F7433BE0027FDBB /* Sources */,
				00662CBB1F7433BE0027FDBB /* Frameworks */,
				00662CBC1F7433BE0027FDBB /* Resources */,
			);
			buildRules = (
			);
			dependencies = (
				00662CC01F7433BE0027FDBB /* PBXTargetDependency */,
			);
			name = FoodTrackerTests;
			productName = FoodTrackerTests;
			productReference = 00662CBE1F7433BE0027FDBB /* FoodTrackerTests.xctest */;
			productType = "com.apple.product-type.bundle.unit-test";
		};
/* End PBXNativeTarget section */

/* Begin PBXProject section */
		00662CA21F7433BE0027FDBB /* Project object */ = {
			isa = PBXProject;
			attributes = {
				LastSwiftUpdateCheck = 0830;
				LastUpgradeCheck = 0830;
				TargetAttributes = {
					00662CA91F7433BE0027FDBB = {
						CreatedOnToolsVersion = 8.3.3;
						ProvisioningStyle = Automatic;
					};
					00662CBD1F7433BE0027FDBB = {
						CreatedOnToolsVersion = 8.3.3;
						ProvisioningStyle = Automatic;
						TestTargetID = 00662CA91F7433BE0027FDBB;
					};
				};
			};
			buildConfigurationList = 00662CA51F7433BE0027FDBB /* Build configuration list for PBXProject "FoodTracker" */;
			compatibilityVersion = "Xcode 3.2";
			developmentRegion = English;
			hasScannedForEncodings = 0;
			knownRegions = (
				en,
				Base,
			);
			mainGroup = 00662CA11F7433BE0027FDBB;
			productRefGroup = 00662CAB1F7433BE0027FDBB /* Products */;
			projectDirPath = "";
			projectRoot = "";
			targets = (
				00662CA91F7433BE0027FDBB /* FoodTracker */,
				00662CBD1F7433BE0027FDBB /* FoodTrackerTests */,
			);
		};
/* End PBXProject section */

/* Begin PBXResourcesBuildPhase section */
		00662CA81F7433BE0027FDBB /* Resources */ = {
			isa = PBXResourcesBuildPhase;
			buildActionMask = 2147483647;
			files = (
				00662CB81F7433BE0027FDBB /* LaunchScreen.storyboard in Resources */,
				00662CB51F7433BE0027FDBB /* Assets.xcassets in Resources */,
				00662CB31F7433BE0027FDBB /* Main.storyboard in Resources */,
			);
			runOnlyForDeploymentPostprocessing = 0;
		};
		00662CBC1F7433BE0027FDBB /* Resources */ = {
			isa = PBXResourcesBuildPhase;
			buildActionMask = 2147483647;
			files = (
			);
			runOnlyForDeploymentPostprocessing = 0;
		};
/* End PBXResourcesBuildPhase section */

/* Begin PBXSourcesBuildPhase section */
		00662CA61F7433BE0027FDBB /* Sources */ = {
			isa = PBXSourcesBuildPhase;
			buildActionMask = 2147483647;
			files = (
				6012C6061F76A9E20064296A /* Meal.swift in Sources */,
				00662CB01F7433BE0027FDBB /* ViewController.swift in Sources */,
				6012C6041F75F59E0064296A /* RatingControl.swift in Sources */,
				00662CAE1F7433BE0027FDBB /* AppDelegate.swift in Sources */,
			);
			runOnlyForDeploymentPostprocessing = 0;
		};
		00662CBA1F7433BE0027FDBB /* Sources */ = {
			isa = PBXSourcesBuildPhase;
			buildActionMask = 2147483647;
			files = (
				00662CC31F7433BE0027FDBB /* FoodTrackerTests.swift in Sources */,
			);
			runOnlyForDeploymentPostprocessing = 0;
		};
/* End PBXSourcesBuildPhase section */

/* Begin PBXTargetDependency section */
		00662CC01F7433BE0027FDBB /* PBXTargetDependency */ = {
			isa = PBXTargetDependency;
			target = 00662CA91F7433BE0027FDBB /* FoodTracker */;
			targetProxy = 00662CBF1F7433BE0027FDBB /* PBXContainerItemProxy */;
		};
/* End PBXTargetDependency section */

/* Begin PBXVariantGroup section */
		00662CB11F7433BE0027FDBB /* Main.storyboard */ = {
			isa = PBXVariantGroup;
			children = (
				00662CB21F7433BE0027FDBB /* Base */,
			);
			name = Main.storyboard;
			sourceTree = "<group>";
		};
		00662CB61F7433BE0027FDBB /* LaunchScreen.storyboard */ = {
			isa = PBXVariantGroup;
			children = (
				00662CB71F7433BE0027FDBB /* Base */,
			);
			name = LaunchScreen.storyboard;
			sourceTree = "<group>";
		};
/* End PBXVariantGroup section */

/* Begin XCBuildConfiguration section */
		00662CC51F7433BE0027FDBB /* Debug */ = {
			isa = XCBuildConfiguration;
			buildSettings = {
				ALWAYS_SEARCH_USER_PATHS = NO;
				CLANG_ANALYZER_NONNULL = YES;
				CLANG_ANALYZER_NUMBER_OBJECT_CONVERSION = YES_AGGRESSIVE;
				CLANG_CXX_LANGUAGE_STANDARD = "gnu++0x";
				CLANG_CXX_LIBRARY = "libc++";
				CLANG_ENABLE_MODULES = YES;
				CLANG_ENABLE_OBJC_ARC = YES;
				CLANG_WARN_BOOL_CONVERSION = YES;
				CLANG_WARN_CONSTANT_CONVERSION = YES;
				CLANG_WARN_DIRECT_OBJC_ISA_USAGE = YES_ERROR;
				CLANG_WARN_DOCUMENTATION_COMMENTS = YES;
				CLANG_WARN_EMPTY_BODY = YES;
				CLANG_WARN_ENUM_CONVERSION = YES;
				CLANG_WARN_INFINITE_RECURSION = YES;
				CLANG_WARN_INT_CONVERSION = YES;
				CLANG_WARN_OBJC_ROOT_CLASS = YES_ERROR;
				CLANG_WARN_SUSPICIOUS_MOVE = YES;
				CLANG_WARN_UNREACHABLE_CODE = YES;
				CLANG_WARN__DUPLICATE_METHOD_MATCH = YES;
				"CODE_SIGN_IDENTITY[sdk=iphoneos*]" = "iPhone Developer";
				COPY_PHASE_STRIP = NO;
				DEBUG_INFORMATION_FORMAT = dwarf;
				ENABLE_STRICT_OBJC_MSGSEND = YES;
				ENABLE_TESTABILITY = YES;
				GCC_C_LANGUAGE_STANDARD = gnu99;
				GCC_DYNAMIC_NO_PIC = NO;
				GCC_NO_COMMON_BLOCKS = YES;
				GCC_OPTIMIZATION_LEVEL = 0;
				GCC_PREPROCESSOR_DEFINITIONS = (
					"DEBUG=1",
					"$(inherited)",
				);
				GCC_WARN_64_TO_32_BIT_CONVERSION = YES;
				GCC_WARN_ABOUT_RETURN_TYPE = YES_ERROR;
				GCC_WARN_UNDECLARED_SELECTOR = YES;
				GCC_WARN_UNINITIALIZED_AUTOS = YES_AGGRESSIVE;
				GCC_WARN_UNUSED_FUNCTION = YES;
				GCC_WARN_UNUSED_VARIABLE = YES;
				IPHONEOS_DEPLOYMENT_TARGET = 10.3;
				MTL_ENABLE_DEBUG_INFO = YES;
				ONLY_ACTIVE_ARCH = YES;
				SDKROOT = iphoneos;
				SWIFT_ACTIVE_COMPILATION_CONDITIONS = DEBUG;
				SWIFT_OPTIMIZATION_LEVEL = "-Onone";
				TARGETED_DEVICE_FAMILY = "1,2";
			};
			name = Debug;
		};
		00662CC61F7433BE0027FDBB /* Release */ = {
			isa = XCBuildConfiguration;
			buildSettings = {
				ALWAYS_SEARCH_USER_PATHS = NO;
				CLANG_ANALYZER_NONNULL = YES;
				CLANG_ANALYZER_NUMBER_OBJECT_CONVERSION = YES_AGGRESSIVE;
				CLANG_CXX_LANGUAGE_STANDARD = "gnu++0x";
				CLANG_CXX_LIBRARY = "libc++";
				CLANG_ENABLE_MODULES = YES;
				CLANG_ENABLE_OBJC_ARC = YES;
				CLANG_WARN_BOOL_CONVERSION = YES;
				CLANG_WARN_CONSTANT_CONVERSION = YES;
				CLANG_WARN_DIRECT_OBJC_ISA_USAGE = YES_ERROR;
				CLANG_WARN_DOCUMENTATION_COMMENTS = YES;
				CLANG_WARN_EMPTY_BODY = YES;
				CLANG_WARN_ENUM_CONVERSION = YES;
				CLANG_WARN_INFINITE_RECURSION = YES;
				CLANG_WARN_INT_CONVERSION = YES;
				CLANG_WARN_OBJC_ROOT_CLASS = YES_ERROR;
				CLANG_WARN_SUSPICIOUS_MOVE = YES;
				CLANG_WARN_UNREACHABLE_CODE = YES;
				CLANG_WARN__DUPLICATE_METHOD_MATCH = YES;
				"CODE_SIGN_IDENTITY[sdk=iphoneos*]" = "iPhone Developer";
				COPY_PHASE_STRIP = NO;
				DEBUG_INFORMATION_FORMAT = "dwarf-with-dsym";
				ENABLE_NS_ASSERTIONS = NO;
				ENABLE_STRICT_OBJC_MSGSEND = YES;
				GCC_C_LANGUAGE_STANDARD = gnu99;
				GCC_NO_COMMON_BLOCKS = YES;
				GCC_WARN_64_TO_32_BIT_CONVERSION = YES;
				GCC_WARN_ABOUT_RETURN_TYPE = YES_ERROR;
				GCC_WARN_UNDECLARED_SELECTOR = YES;
				GCC_WARN_UNINITIALIZED_AUTOS = YES_AGGRESSIVE;
				GCC_WARN_UNUSED_FUNCTION = YES;
				GCC_WARN_UNUSED_VARIABLE = YES;
				IPHONEOS_DEPLOYMENT_TARGET = 10.3;
				MTL_ENABLE_DEBUG_INFO = NO;
				SDKROOT = iphoneos;
				SWIFT_OPTIMIZATION_LEVEL = "-Owholemodule";
				TARGETED_DEVICE_FAMILY = "1,2";
				VALIDATE_PRODUCT = YES;
			};
			name = Release;
		};
		00662CC81F7433BE0027FDBB /* Debug */ = {
			isa = XCBuildConfiguration;
			buildSettings = {
				ASSETCATALOG_COMPILER_APPICON_NAME = AppIcon;
				INFOPLIST_FILE = FoodTracker/Info.plist;
				LD_RUNPATH_SEARCH_PATHS = "$(inherited) @executable_path/Frameworks";
				PRODUCT_BUNDLE_IDENTIFIER = com.example.FoodTracker;
				PRODUCT_NAME = "$(TARGET_NAME)";
				SWIFT_VERSION = 3.0;
			};
			name = Debug;
		};
		00662CC91F7433BE0027FDBB /* Release */ = {
			isa = XCBuildConfiguration;
			buildSettings = {
				ASSETCATALOG_COMPILER_APPICON_NAME = AppIcon;
				INFOPLIST_FILE = FoodTracker/Info.plist;
				LD_RUNPATH_SEARCH_PATHS = "$(inherited) @executable_path/Frameworks";
				PRODUCT_BUNDLE_IDENTIFIER = com.example.FoodTracker;
				PRODUCT_NAME = "$(TARGET_NAME)";
				SWIFT_VERSION = 3.0;
			};
			name = Release;
		};
		00662CCB1F7433BE0027FDBB /* Debug */ = {
			isa = XCBuildConfiguration;
			buildSettings = {
				ALWAYS_EMBED_SWIFT_STANDARD_LIBRARIES = YES;
				BUNDLE_LOADER = "$(TEST_HOST)";
				INFOPLIST_FILE = FoodTrackerTests/Info.plist;
				LD_RUNPATH_SEARCH_PATHS = "$(inherited) @executable_path/Frameworks @loader_path/Frameworks";
				PRODUCT_BUNDLE_IDENTIFIER = com.example.FoodTrackerTests;
				PRODUCT_NAME = "$(TARGET_NAME)";
				SWIFT_VERSION = 3.0;
				TEST_HOST = "$(BUILT_PRODUCTS_DIR)/FoodTracker.app/FoodTracker";
			};
			name = Debug;
		};
		00662CCC1F7433BE0027FDBB /* Release */ = {
			isa = XCBuildConfiguration;
			buildSettings = {
				ALWAYS_EMBED_SWIFT_STANDARD_LIBRARIES = YES;
				BUNDLE_LOADER = "$(TEST_HOST)";
				INFOPLIST_FILE = FoodTrackerTests/Info.plist;
				LD_RUNPATH_SEARCH_PATHS = "$(inherited) @executable_path/Frameworks @loader_path/Frameworks";
				PRODUCT_BUNDLE_IDENTIFIER = com.example.FoodTrackerTests;
				PRODUCT_NAME = "$(TARGET_NAME)";
				SWIFT_VERSION = 3.0;
				TEST_HOST = "$(BUILT_PRODUCTS_DIR)/FoodTracker.app/FoodTracker";
			};
			name = Release;
		};
/* End XCBuildConfiguration section */

/* Begin XCConfigurationList section */
		00662CA51F7433BE0027FDBB /* Build configuration list for PBXProject "FoodTracker" */ = {
			isa = XCConfigurationList;
			buildConfigurations = (
				00662CC51F7433BE0027FDBB /* Debug */,
				00662CC61F7433BE0027FDBB /* Release */,
			);
			defaultConfigurationIsVisible = 0;
			defaultConfigurationName = Release;
		};
		00662CC71F7433BE0027FDBB /* Build configuration list for PBXNativeTarget "FoodTracker" */ = {
			isa = XCConfigurationList;
			buildConfigurations = (
				00662CC81F7433BE0027FDBB /* Debug */,
				00662CC91F7433BE0027FDBB /* Release */,
			);
			defaultConfigurationIsVisible = 0;
			defaultConfigurationName = Release;
		};
		00662CCA1F7433BE0027FDBB /* Build configuration list for PBXNativeTarget "FoodTrackerTests" */ = {
			isa = XCConfigurationList;
			buildConfigurations = (
				00662CCB1F7433BE0027FDBB /* Debug */,
				00662CCC1F7433BE0027FDBB /* Release */,
			);
			defaultConfigurationIsVisible = 0;
			defaultConfigurationName = Release;
		};
/* End XCConfigurationList section */
	};
	rootObject = 00662CA21F7433BE0027FDBB /* Project object */;
}
